
Microsoft Visual Studio Solution File, Format Version 12.00
# Visual Studio 2013
VisualStudioVersion = 12.0.21005.1
MinimumVisualStudioVersion = 10.0.40219.1
Project("{8BC9CEB8-8B4A-11D0-8D11-00A0C91BC942}") = "GPSWorld", "GPSWorld.vcxproj", "{B12702AD-ABFB-343A-A199-8E24837244A3}"
EndProject
Project("{8BC9CEB8-8B4A-11D0-8D11-00A0C91BC942}") = "XYAlarmManagement", "..\XYAlarmManagement\XYAlarmManagement.vcxproj", "{8DEBA371-4A27-4816-B8A7-F33B7CFBA812}"
EndProject
Project("{8BC9CEB8-8B4A-11D0-8D11-00A0C91BC942}") = "XYReportCenter", "..\XYReportCenter\XYReportCenter.vcxproj", "{50ACDF85-3D56-49C3-91D0-9E81D84175A7}"
EndProject
Project("{8BC9CEB8-8B4A-11D0-8D11-00A0C91BC942}") = "XYIntelligentMonitor", "..\XYIntelligentMonitor\XYIntelligentMonitor.vcxproj", "{5DB6DC1B-52A1-4034-A9E7-63DB2096835C}"
EndProject
Project("{8BC9CEB8-8B4A-11D0-8D11-00A0C91BC942}") = "IconHelper", "..\IconHelper\IconHelper.vcxproj", "{3E31015C-CC2E-471A-B8DE-37759B1F468B}"
EndProject
Project("{8BC9CEB8-8B4A-11D0-8D11-00A0C91BC942}") = "HDataManager", "..\HDataManager\HDataManager.vcxproj", "{38963BD4-1C5D-4B5F-9FDB-A858DF4DB3BE}"
EndProject
Project("{8BC9CEB8-8B4A-11D0-8D11-00A0C91BC942}") = "ProgressBarManager", "..\ProgressBarManager\ProgressBarManager.vcxproj", "{54398655-9CB6-4663-A7CF-DE475ADD423E}"
EndProject
Project("{8BC9CEB8-8B4A-11D0-8D11-00A0C91BC942}") = "ExcelOperator", "..\ExcelOperator\ExcelOperator.vcxproj", "{259FC9C9-2F85-497B-A329-232DB02787D7}"
EndProject
Project("{8BC9CEB8-8B4A-11D0-8D11-00A0C91BC942}") = "XYBaseManagement", "..\XYBaseManagement\XYBaseManagement.vcxproj", "{2E1D3538-4F11-46EB-B2B2-8BBC4173FF90}"
EndProject
Project("{8BC9CEB8-8B4A-11D0-8D11-00A0C91BC942}") = "XYEngineerManagement", "..\XYEngineerManagement\XYEngineerManagement.vcxproj", "{519E13FC-4425-4345-AF15-E04EA5EA59A9}"
EndProject
Global
	GlobalSection(SolutionConfigurationPlatforms) = preSolution
		Debug|Win32 = Debug|Win32
		Debug|x64 = Debug|x64
		DRelea|Win32 = DRelea|Win32
		DRelea|x64 = DRelea|x64
		Release|Win32 = Release|Win32
		Release|x64 = Release|x64
	EndGlobalSection
	GlobalSection(ProjectConfigurationPlatforms) = postSolution
		{B12702AD-ABFB-343A-A199-8E24837244A3}.Debug|Win32.ActiveCfg = Debug|Win32
		{B12702AD-ABFB-343A-A199-8E24837244A3}.Debug|Win32.Build.0 = Debug|Win32
		{B12702AD-ABFB-343A-A199-8E24837244A3}.Debug|x64.ActiveCfg = Debug|x64
		{B12702AD-ABFB-343A-A199-8E24837244A3}.Debug|x64.Build.0 = Debug|x64
		{B12702AD-ABFB-343A-A199-8E24837244A3}.DRelea|Win32.ActiveCfg = Debug|Win32
		{B12702AD-ABFB-343A-A199-8E24837244A3}.DRelea|Win32.Build.0 = Debug|Win32
		{B12702AD-ABFB-343A-A199-8E24837244A3}.DRelea|x64.ActiveCfg = Debug|x64
		{B12702AD-ABFB-343A-A199-8E24837244A3}.DRelea|x64.Build.0 = Debug|x64
		{B12702AD-ABFB-343A-A199-8E24837244A3}.Release|Win32.ActiveCfg = Release|Win32
		{B12702AD-ABFB-343A-A199-8E24837244A3}.Release|Win32.Build.0 = Release|Win32
		{B12702AD-ABFB-343A-A199-8E24837244A3}.Release|x64.ActiveCfg = Release|x64
		{B12702AD-ABFB-343A-A199-8E24837244A3}.Release|x64.Build.0 = Release|x64
		{8DEBA371-4A27-4816-B8A7-F33B7CFBA812}.Debug|Win32.ActiveCfg = Debug|Win32
		{8DEBA371-4A27-4816-B8A7-F33B7CFBA812}.Debug|Win32.Build.0 = Debug|Win32
		{8DEBA371-4A27-4816-B8A7-F33B7CFBA812}.Debug|x64.ActiveCfg = Debug|x64
		{8DEBA371-4A27-4816-B8A7-F33B7CFBA812}.Debug|x64.Build.0 = Debug|x64
		{8DEBA371-4A27-4816-B8A7-F33B7CFBA812}.DRelea|Win32.ActiveCfg = Debug|Win32
		{8DEBA371-4A27-4816-B8A7-F33B7CFBA812}.DRelea|Win32.Build.0 = Debug|Win32
		{8DEBA371-4A27-4816-B8A7-F33B7CFBA812}.DRelea|x64.ActiveCfg = Debug|x64
		{8DEBA371-4A27-4816-B8A7-F33B7CFBA812}.DRelea|x64.Build.0 = Debug|x64
		{8DEBA371-4A27-4816-B8A7-F33B7CFBA812}.Release|Win32.ActiveCfg = Release|Win32
		{8DEBA371-4A27-4816-B8A7-F33B7CFBA812}.Release|Win32.Build.0 = Release|Win32
		{8DEBA371-4A27-4816-B8A7-F33B7CFBA812}.Release|x64.ActiveCfg = Release|x64
		{8DEBA371-4A27-4816-B8A7-F33B7CFBA812}.Release|x64.Build.0 = Release|x64
		{50ACDF85-3D56-49C3-91D0-9E81D84175A7}.Debug|Win32.ActiveCfg = Debug|Win32
		{50ACDF85-3D56-49C3-91D0-9E81D84175A7}.Debug|Win32.Build.0 = Debug|Win32
		{50ACDF85-3D56-49C3-91D0-9E81D84175A7}.Debug|x64.ActiveCfg = Debug|x64
		{50ACDF85-3D56-49C3-91D0-9E81D84175A7}.Debug|x64.Build.0 = Debug|x64
		{50ACDF85-3D56-49C3-91D0-9E81D84175A7}.DRelea|Win32.ActiveCfg = Debug|Win32
		{50ACDF85-3D56-49C3-91D0-9E81D84175A7}.DRelea|Win32.Build.0 = Debug|Win32
		{50ACDF85-3D56-49C3-91D0-9E81D84175A7}.DRelea|x64.ActiveCfg = Debug|x64
		{50ACDF85-3D56-49C3-91D0-9E81D84175A7}.DRelea|x64.Build.0 = Debug|x64
		{50ACDF85-3D56-49C3-91D0-9E81D84175A7}.Release|Win32.ActiveCfg = Release|Win32
		{50ACDF85-3D56-49C3-91D0-9E81D84175A7}.Release|Win32.Build.0 = Release|Win32
		{50ACDF85-3D56-49C3-91D0-9E81D84175A7}.Release|x64.ActiveCfg = Release|x64
		{50ACDF85-3D56-49C3-91D0-9E81D84175A7}.Release|x64.Build.0 = Release|x64
		{5DB6DC1B-52A1-4034-A9E7-63DB2096835C}.Debug|Win32.ActiveCfg = Debug|Win32
		{5DB6DC1B-52A1-4034-A9E7-63DB2096835C}.Debug|Win32.Build.0 = Debug|Win32
		{5DB6DC1B-52A1-4034-A9E7-63DB2096835C}.Debug|x64.ActiveCfg = Debug|x64
		{5DB6DC1B-52A1-4034-A9E7-63DB2096835C}.Debug|x64.Build.0 = Debug|x64
		{5DB6DC1B-52A1-4034-A9E7-63DB2096835C}.DRelea|Win32.ActiveCfg = Debug|Win32
		{5DB6DC1B-52A1-4034-A9E7-63DB2096835C}.DRelea|Win32.Build.0 = Debug|Win32
		{5DB6DC1B-52A1-4034-A9E7-63DB2096835C}.DRelea|x64.ActiveCfg = Debug|x64
		{5DB6DC1B-52A1-4034-A9E7-63DB2096835C}.DRelea|x64.Build.0 = Debug|x64
		{5DB6DC1B-52A1-4034-A9E7-63DB2096835C}.Release|Win32.ActiveCfg = Release|Win32
		{5DB6DC1B-52A1-4034-A9E7-63DB2096835C}.Release|Win32.Build.0 = Release|Win32
		{5DB6DC1B-52A1-4034-A9E7-63DB2096835C}.Release|x64.ActiveCfg = Release|x64
		{5DB6DC1B-52A1-4034-A9E7-63DB2096835C}.Release|x64.Build.0 = Release|x64
		{3E31015C-CC2E-471A-B8DE-37759B1F468B}.Debug|Win32.ActiveCfg = Debug|Win32
		{3E31015C-CC2E-471A-B8DE-37759B1F468B}.Debug|Win32.Build.0 = Debug|Win32
		{3E31015C-CC2E-471A-B8DE-37759B1F468B}.Debug|x64.ActiveCfg = Debug|x64
		{3E31015C-CC2E-471A-B8DE-37759B1F468B}.Debug|x64.Build.0 = Debug|x64
		{3E31015C-CC2E-471A-B8DE-37759B1F468B}.DRelea|Win32.ActiveCfg = Debug|Win32
		{3E31015C-CC2E-471A-B8DE-37759B1F468B}.DRelea|Win32.Build.0 = Debug|Win32
		{3E31015C-CC2E-471A-B8DE-37759B1F468B}.DRelea|x64.ActiveCfg = Debug|x64
		{3E31015C-CC2E-471A-B8DE-37759B1F468B}.DRelea|x64.Build.0 = Debug|x64
		{3E31015C-CC2E-471A-B8DE-37759B1F468B}.Release|Win32.ActiveCfg = Release|Win32
		{3E31015C-CC2E-471A-B8DE-37759B1F468B}.Release|Win32.Build.0 = Release|Win32
		{3E31015C-CC2E-471A-B8DE-37759B1F468B}.Release|x64.ActiveCfg = Release|x64
		{3E31015C-CC2E-471A-B8DE-37759B1F468B}.Release|x64.Build.0 = Release|x64
		{38963BD4-1C5D-4B5F-9FDB-A858DF4DB3BE}.Debug|Win32.ActiveCfg = Debug|Win32
		{38963BD4-1C5D-4B5F-9FDB-A858DF4DB3BE}.Debug|Win32.Build.0 = Debug|Win32
		{38963BD4-1C5D-4B5F-9FDB-A858DF4DB3BE}.Debug|x64.ActiveCfg = Debug|x64
		{38963BD4-1C5D-4B5F-9FDB-A858DF4DB3BE}.Debug|x64.Build.0 = Debug|x64
		{38963BD4-1C5D-4B5F-9FDB-A858DF4DB3BE}.DRelea|Win32.ActiveCfg = Debug|Win32
		{38963BD4-1C5D-4B5F-9FDB-A858DF4DB3BE}.DRelea|Win32.Build.0 = Debug|Win32
		{38963BD4-1C5D-4B5F-9FDB-A858DF4DB3BE}.DRelea|x64.ActiveCfg = Debug|x64
		{38963BD4-1C5D-4B5F-9FDB-A858DF4DB3BE}.DRelea|x64.Build.0 = Debug|x64
		{38963BD4-1C5D-4B5F-9FDB-A858DF4DB3BE}.Release|Win32.ActiveCfg = Release|Win32
		{38963BD4-1C5D-4B5F-9FDB-A858DF4DB3BE}.Release|Win32.Build.0 = Release|Win32
		{38963BD4-1C5D-4B5F-9FDB-A858DF4DB3BE}.Release|x64.ActiveCfg = Release|x64
		{38963BD4-1C5D-4B5F-9FDB-A858DF4DB3BE}.Release|x64.Build.0 = Release|x64
		{54398655-9CB6-4663-A7CF-DE475ADD423E}.Debug|Win32.ActiveCfg = Debug|Win32
		{54398655-9CB6-4663-A7CF-DE475ADD423E}.Debug|Win32.Build.0 = Debug|Win32
		{54398655-9CB6-4663-A7CF-DE475ADD423E}.Debug|x64.ActiveCfg = Debug|x64
		{54398655-9CB6-4663-A7CF-DE475ADD423E}.Debug|x64.Build.0 = Debug|x64
		{54398655-9CB6-4663-A7CF-DE475ADD423E}.DRelea|Win32.ActiveCfg = Debug|Win32
		{54398655-9CB6-4663-A7CF-DE475ADD423E}.DRelea|Win32.Build.0 = Debug|Win32
		{54398655-9CB6-4663-A7CF-DE475ADD423E}.DRelea|x64.ActiveCfg = Debug|x64
		{54398655-9CB6-4663-A7CF-DE475ADD423E}.DRelea|x64.Build.0 = Debug|x64
		{54398655-9CB6-4663-A7CF-DE475ADD423E}.Release|Win32.ActiveCfg = Release|Win32
		{54398655-9CB6-4663-A7CF-DE475ADD423E}.Release|Win32.Build.0 = Release|Win32
		{54398655-9CB6-4663-A7CF-DE475ADD423E}.Release|x64.ActiveCfg = Release|x64
		{54398655-9CB6-4663-A7CF-DE475ADD423E}.Release|x64.Build.0 = Release|x64
		{259FC9C9-2F85-497B-A329-232DB02787D7}.Debug|Win32.ActiveCfg = Debug|Win32
		{259FC9C9-2F85-497B-A329-232DB02787D7}.Debug|Win32.Build.0 = Debug|Win32
		{259FC9C9-2F85-497B-A329-232DB02787D7}.Debug|x64.ActiveCfg = Debug|x64
		{259FC9C9-2F85-497B-A329-232DB02787D7}.Debug|x64.Build.0 = Debug|x64
		{259FC9C9-2F85-497B-A329-232DB02787D7}.DRelea|Win32.ActiveCfg = Debug|Win32
		{259FC9C9-2F85-497B-A329-232DB02787D7}.DRelea|Win32.Build.0 = Debug|Win32
		{259FC9C9-2F85-497B-A329-232DB02787D7}.DRelea|x64.ActiveCfg = Debug|x64
		{259FC9C9-2F85-497B-A329-232DB02787D7}.DRelea|x64.Build.0 = Debug|x64
		{259FC9C9-2F85-497B-A329-232DB02787D7}.Release|Win32.ActiveCfg = Release|Win32
		{259FC9C9-2F85-497B-A329-232DB02787D7}.Release|Win32.Build.0 = Release|Win32
		{259FC9C9-2F85-497B-A329-232DB02787D7}.Release|x64.ActiveCfg = Release|x64
		{259FC9C9-2F85-497B-A329-232DB02787D7}.Release|x64.Build.0 = Release|x64
		{2E1D3538-4F11-46EB-B2B2-8BBC4173FF90}.Debug|Win32.ActiveCfg = Debug|Win32
		{2E1D3538-4F11-46EB-B2B2-8BBC4173FF90}.Debug|Win32.Build.0 = Debug|Win32
		{2E1D3538-4F11-46EB-B2B2-8BBC4173FF90}.Debug|x64.ActiveCfg = Debug|x64
		{2E1D3538-4F11-46EB-B2B2-8BBC4173FF90}.Debug|x64.Build.0 = Debug|x64
		{2E1D3538-4F11-46EB-B2B2-8BBC4173FF90}.DRelea|Win32.ActiveCfg = Debug|Win32
		{2E1D3538-4F11-46EB-B2B2-8BBC4173FF90}.DRelea|Win32.Build.0 = Debug|Win32
		{2E1D3538-4F11-46EB-B2B2-8BBC4173FF90}.DRelea|x64.ActiveCfg = Debug|x64
		{2E1D3538-4F11-46EB-B2B2-8BBC4173FF90}.DRelea|x64.Build.0 = Debug|x64
		{2E1D3538-4F11-46EB-B2B2-8BBC4173FF90}.Release|Win32.ActiveCfg = Release|Win32
		{2E1D3538-4F11-46EB-B2B2-8BBC4173FF90}.Release|Win32.Build.0 = Release|Win32
		{2E1D3538-4F11-46EB-B2B2-8BBC4173FF90}.Release|x64.ActiveCfg = Release|x64
		{2E1D3538-4F11-46EB-B2B2-8BBC4173FF90}.Release|x64.Build.0 = Release|x64
		{519E13FC-4425-4345-AF15-E04EA5EA59A9}.Debug|Win32.ActiveCfg = Debug|Win32
		{519E13FC-4425-4345-AF15-E04EA5EA59A9}.Debug|Win32.Build.0 = Debug|Win32
		{519E13FC-4425-4345-AF15-E04EA5EA59A9}.Debug|x64.ActiveCfg = Debug|x64
		{519E13FC-4425-4345-AF15-E04EA5EA59A9}.Debug|x64.Build.0 = Debug|x64
		{519E13FC-4425-4345-AF15-E04EA5EA59A9}.DRelea|Win32.ActiveCfg = Debug|Win32
		{519E13FC-4425-4345-AF15-E04EA5EA59A9}.DRelea|Win32.Build.0 = Debug|Win32
		{519E13FC-4425-4345-AF15-E04EA5EA59A9}.DRelea|x64.ActiveCfg = Debug|x64
		{519E13FC-4425-4345-AF15-E04EA5EA59A9}.DRelea|x64.Build.0 = Debug|x64
		{519E13FC-4425-4345-AF15-E04EA5EA59A9}.Release|Win32.ActiveCfg = Release|Win32
		{519E13FC-4425-4345-AF15-E04EA5EA59A9}.Release|Win32.Build.0 = Release|Win32
		{519E13FC-4425-4345-AF15-E04EA5EA59A9}.Release|x64.ActiveCfg = Release|x64
		{519E13FC-4425-4345-AF15-E04EA5EA59A9}.Release|x64.Build.0 = Release|x64
	EndGlobalSection
	GlobalSection(SolutionProperties) = preSolution
		HideSolutionNode = FALSE
	EndGlobalSection
	GlobalSection(ExtensibilityGlobals) = postSolution
		Qt5Version = Qt5.5.0
	EndGlobalSection
EndGlobal
